# THIS IS AN AUTOGENERATED FILE. DO NOT EDIT THIS FILE DIRECTLY.
# yarn lockfile v1


bootstrap@^4.5.3:
  version "4.5.3"
  resolved "https://registry.yarnpkg.com/bootstrap/-/bootstrap-4.5.3.tgz#c6a72b355aaf323920be800246a6e4ef30997fe6"
  integrity sha512-o9ppKQioXGqhw8Z7mah6KdTYpNQY//tipnkxppWhPbiSWdD+1raYsnhwEZjkTHYbGee4cVQ0Rx65EhOY/HNLcQ==

postcss-value-parser@^4.0.3:
  version "4.1.0"
  resolved "https://registry.yarnpkg.com/postcss-value-parser/-/postcss-value-parser-4.1.0.tgz#443f6a20ced6481a2bda4fa8532a6e55d789a2cb"
  integrity sha512-97DXOFbQJhk71ne5/Mt6cOu6yxsSfM0QGQyl0L25Gca4yGWEGJaig7l7gbCX623VqTBNGLRLaVUCnNkcedlRSQ==

rfs@^9.0.3:
  version "9.0.3"
  resolved "https://registry.yarnpkg.com/rfs/-/rfs-9.0.3.tgz#6200ef283a081b01cbf07e2e3c7fe4c14cc3f07b"
  integrity sha512-LL3eu6iqrJ0I/duHollplc2Tjc33AS7HmfqiAtHZD34Sq+L4+/96nYEN7YfT+vCLbeeB4mbMFpeg2mtxn5qNGA==
  dependencies:
    postcss-value-parser "^4.0.3"
